
Microsoft Visual Studio Solution File, Format Version 12.00
# Visual Studio Version 16
VisualStudioVersion = 16.0.30907.101
MinimumVisualStudioVersion = 10.0.40219.1
Project("{FAE04EC0-301F-11D3-BF4B-00C04F79EFBC}") = "VoldarGames.NetCore.VInjector", "VoldarGames.NetCore.VInjector\VoldarGames.NetCore.VInjector.csproj", "{58B84940-3447-4293-AC24-9CC9FD98A06E}"
EndProject
Project("{FAE04EC0-301F-11D3-BF4B-00C04F79EFBC}") = "VoldarGames.NetCore.VInjector.UnitTests", "VoldarGames.NetCore.VInjector.UnitTests\VoldarGames.NetCore.VInjector.UnitTests.csproj", "{F676BE82-DBCB-48B6-816E-9774FD7ABD40}"
EndProject
Global
	GlobalSection(SolutionConfigurationPlatforms) = preSolution
		Debug|Any CPU = Debug|Any CPU
		Release|Any CPU = Release|Any CPU
	EndGlobalSection
	GlobalSection(ProjectConfigurationPlatforms) = postSolution
		{58B84940-3447-4293-AC24-9CC9FD98A06E}.Debug|Any CPU.ActiveCfg = Debug|Any CPU
		{58B84940-3447-4293-AC24-9CC9FD98A06E}.Debug|Any CPU.Build.0 = Debug|Any CPU
		{58B84940-3447-4293-AC24-9CC9FD98A06E}.Release|Any CPU.ActiveCfg = Release|Any CPU
		{58B84940-3447-4293-AC24-9CC9FD98A06E}.Release|Any CPU.Build.0 = Release|Any CPU
		{F676BE82-DBCB-48B6-816E-9774FD7ABD40}.Debug|Any CPU.ActiveCfg = Debug|Any CPU
		{F676BE82-DBCB-48B6-816E-9774FD7ABD40}.Debug|Any CPU.Build.0 = Debug|Any CPU
		{F676BE82-DBCB-48B6-816E-9774FD7ABD40}.Release|Any CPU.ActiveCfg = Release|Any CPU
		{F676BE82-DBCB-48B6-816E-9774FD7ABD40}.Release|Any CPU.Build.0 = Release|Any CPU
	EndGlobalSection
	GlobalSection(SolutionProperties) = preSolution
		HideSolutionNode = FALSE
	EndGlobalSection
	GlobalSection(ExtensibilityGlobals) = postSolution
		SolutionGuid = {AC082EBB-595B-4F4E-AA0A-EAC6D3F3FC43}
	EndGlobalSection
EndGlobal
